<?xml version="1.0" encoding="utf-8"?>
<Project ToolsVersion="4.0" xmlns="http://schemas.microsoft.com/developer/msbuild/2003">
  <ItemGroup>
    <Filter Include="Source Files">
      <UniqueIdentifier>{4FC737F1-C7A5-4376-A066-2A32D752A2FF}</UniqueIdentifier>
      <Extensions>cpp;c;cc;cxx;def;odl;idl;hpj;bat;asm;asmx</Extensions>
    </Filter>
    <Filter Include="Header Files">
      <UniqueIdentifier>{93995380-89BD-4b04-88EB-625FBE52EBFB}</UniqueIdentifier>
      <Extensions>h;hh;hpp;hxx;hm;inl;inc;xsd</Extensions>
    </Filter>
    <Filter Include="Resource Files">
      <UniqueIdentifier>{67DA6AB6-F800-4c08-8B7A-83BB121AAD01}</UniqueIdentifier>
      <Extensions>rc;ico;cur;bmp;dlg;rc2;rct;bin;rgs;gif;jpg;jpeg;jpe;resx;tiff;tif;png;wav;mfcribbon-ms</Extensions>
    </Filter>
    <Filter Include="Header Files\Shape">
      <UniqueIdentifier>{84ea7d7b-668a-4463-989b-6f71deaa3855}</UniqueIdentifier>
    </Filter>
    <Filter Include="Header Files\Materials">
      <UniqueIdentifier>{25729726-1b73-4631-aff6-f589f2cfc33d}</UniqueIdentifier>
    </Filter>
    <Filter Include="Source Files\Materials">
      <UniqueIdentifier>{c9cbd7ed-530c-49dd-a660-13cac26d10a6}</UniqueIdentifier>
    </Filter>
    <Filter Include="Source Files\Shape">
      <UniqueIdentifier>{b27939f6-0d6d-40fb-9320-677d097e7d88}</UniqueIdentifier>
    </Filter>
    <Filter Include="Header Files\Lights">
      <UniqueIdentifier>{c5bb468b-6eee-490e-9852-c94bb5c27235}</UniqueIdentifier>
    </Filter>
    <Filter Include="Source Files\Light">
      <UniqueIdentifier>{77b39269-c114-41c0-adb6-26d376ecf796}</UniqueIdentifier>
    </Filter>
  </ItemGroup>
  <ItemGroup>
    <ClInclude Include="Sphere.h">
      <Filter>Header Files\Shape</Filter>
    </ClInclude>
    <ClInclude Include="Ray.h">
      <Filter>Header Files</Filter>
    </ClInclude>
    <ClInclude Include="IntersectResult.h">
      <Filter>Header Files\Shape</Filter>
    </ClInclude>
    <ClInclude Include="Intersectable.h">
      <Filter>Header Files\Shape</Filter>
    </ClInclude>
    <ClInclude Include="PerspectiveCamera.h">
      <Filter>Header Files</Filter>
    </ClInclude>
    <ClInclude Include="Color.h">
      <Filter>Header Files</Filter>
    </ClInclude>
    <ClInclude Include="IGeometry.h">
      <Filter>Header Files\Shape</Filter>
    </ClInclude>
    <ClInclude Include="IMaterial.h">
      <Filter>Header Files\Materials</Filter>
    </ClInclude>
    <ClInclude Include="PhongMaterial.h">
      <Filter>Header Files\Materials</Filter>
    </ClInclude>
    <ClInclude Include="SceneUnion.h">
      <Filter>Header Files</Filter>
    </ClInclude>
    <ClInclude Include="Plane.h">
      <Filter>Header Files\Shape</Filter>
    </ClInclude>
    <ClInclude Include="CheckerMaterial.h">
      <Filter>Header Files\Materials</Filter>
    </ClInclude>
    <ClInclude Include="RayTracer.h">
      <Filter>Header Files</Filter>
    </ClInclude>
    <ClInclude Include="ILight.h">
      <Filter>Header Files\Lights</Filter>
    </ClInclude>
    <ClInclude Include="DirectionalLight.h">
      <Filter>Header Files\Lights</Filter>
    </ClInclude>
    <ClInclude Include="LightSample.h">
      <Filter>Header Files\Lights</Filter>
    </ClInclude>
    <ClInclude Include="Bound.h">
      <Filter>Header Files</Filter>
    </ClInclude>
    <ClInclude Include="Tile.h">
      <Filter>Header Files</Filter>
    </ClInclude>
    <ClInclude Include="LightRayTracer.h">
      <Filter>Header Files</Filter>
    </ClInclude>
  </ItemGroup>
  <ItemGroup>
    <ClCompile Include="Color.cpp">
      <Filter>Source Files</Filter>
    </ClCompile>
    <ClCompile Include="PhongMaterial.cpp">
      <Filter>Source Files\Materials</Filter>
    </ClCompile>
    <ClCompile Include="SceneUnion.cpp">
      <Filter>Source Files</Filter>
    </ClCompile>
    <ClCompile Include="IntersectResult.cpp">
      <Filter>Source Files\Shape</Filter>
    </ClCompile>
    <ClCompile Include="CheckerMaterial.cpp">
      <Filter>Source Files\Materials</Filter>
    </ClCompile>
    <ClCompile Include="RayTracer.cpp">
      <Filter>Source Files</Filter>
    </ClCompile>
    <ClCompile Include="DirectionalLight.cpp">
      <Filter>Source Files\Light</Filter>
    </ClCompile>
    <ClCompile Include="LightSample.cpp">
      <Filter>Source Files\Light</Filter>
    </ClCompile>
    <ClCompile Include="Bound.cpp">
      <Filter>Source Files</Filter>
    </ClCompile>
    <ClCompile Include="Tile.cpp">
      <Filter>Source Files</Filter>
    </ClCompile>
    <ClCompile Include="LightRayTracer.cpp">
      <Filter>Source Files</Filter>
    </ClCompile>
  </ItemGroup>
</Project>